// !$*UTF8*$!
{
	archiveVersion = 1;
	classes = {
	};
	objectVersion = 50;
	objects = {

/* Begin PBXBuildFile section */
		1800BA9221A613E700DCD7FC /* GrecTableViewCell.swift in Sources */ = {isa = PBXBuildFile; fileRef = 1800BA9121A613E700DCD7FC /* GrecTableViewCell.swift */; };
		1800BA9421A6143C00DCD7FC /* grecPageViewController.swift in Sources */ = {isa = PBXBuildFile; fileRef = 1800BA9321A6143C00DCD7FC /* grecPageViewController.swift */; };
		18278EBD21A2BD7000BD6B49 /* CoreLocation.framework in Frameworks */ = {isa = PBXBuildFile; fileRef = 18278EBC21A2BD7000BD6B49 /* CoreLocation.framework */; };
		18278EBF21A2D90A00BD6B49 /* RankingViewController.swift in Sources */ = {isa = PBXBuildFile; fileRef = 18278EBE21A2D90A00BD6B49 /* RankingViewController.swift */; };
		18278EC521A3008C00BD6B49 /* Grec.swift in Sources */ = {isa = PBXBuildFile; fileRef = 18278EC421A3008C00BD6B49 /* Grec.swift */; };
		18278EC821A31CBE00BD6B49 /* FetchGrec.swift in Sources */ = {isa = PBXBuildFile; fileRef = 18278EC721A31CBE00BD6B49 /* FetchGrec.swift */; };
		1888CC2F219D85A60048B648 /* AppDelegate.swift in Sources */ = {isa = PBXBuildFile; fileRef = 1888CC2E219D85A60048B648 /* AppDelegate.swift */; };
		1888CC31219D85A60048B648 /* ViewController.swift in Sources */ = {isa = PBXBuildFile; fileRef = 1888CC30219D85A60048B648 /* ViewController.swift */; };
		1888CC34219D85A60048B648 /* Main.storyboard in Resources */ = {isa = PBXBuildFile; fileRef = 1888CC32219D85A60048B648 /* Main.storyboard */; };
		1888CC36219D85A70048B648 /* Assets.xcassets in Resources */ = {isa = PBXBuildFile; fileRef = 1888CC35219D85A70048B648 /* Assets.xcassets */; };
		1888CC39219D85A70048B648 /* LaunchScreen.storyboard in Resources */ = {isa = PBXBuildFile; fileRef = 1888CC37219D85A70048B648 /* LaunchScreen.storyboard */; };
		18C7ADD8219DAA920069F3D1 /* GoogleService-Info.plist in Resources */ = {isa = PBXBuildFile; fileRef = 18C7ADD7219DAA920069F3D1 /* GoogleService-Info.plist */; };
		A06F49FA6A3522D652BAF4CC /* Pods_Ios_h3.framework in Frameworks */ = {isa = PBXBuildFile; fileRef = 5C8CAA51F473E247EF14A1A8 /* Pods_Ios_h3.framework */; };
		A1F96D9A21A573FD00BDAE3B /* MapViewController.swift in Sources */ = {isa = PBXBuildFile; fileRef = A1F96D9921A573FD00BDAE3B /* MapViewController.swift */; };
/* End PBXBuildFile section */

/* Begin PBXFileReference section */
		1800BA9121A613E700DCD7FC /* GrecTableViewCell.swift */ = {isa = PBXFileReference; fileEncoding = 4; lastKnownFileType = sourcecode.swift; path = GrecTableViewCell.swift; sourceTree = "<group>"; };
		1800BA9321A6143C00DCD7FC /* grecPageViewController.swift */ = {isa = PBXFileReference; lastKnownFileType = sourcecode.swift; path = grecPageViewController.swift; sourceTree = "<group>"; };
		18278EBC21A2BD7000BD6B49 /* CoreLocation.framework */ = {isa = PBXFileReference; lastKnownFileType = wrapper.framework; name = CoreLocation.framework; path = System/Library/Frameworks/CoreLocation.framework; sourceTree = SDKROOT; };
		18278EBE21A2D90A00BD6B49 /* RankingViewController.swift */ = {isa = PBXFileReference; lastKnownFileType = sourcecode.swift; path = RankingViewController.swift; sourceTree = "<group>"; };
		18278EC421A3008C00BD6B49 /* Grec.swift */ = {isa = PBXFileReference; lastKnownFileType = sourcecode.swift; path = Grec.swift; sourceTree = "<group>"; };
		18278EC721A31CBE00BD6B49 /* FetchGrec.swift */ = {isa = PBXFileReference; lastKnownFileType = sourcecode.swift; path = FetchGrec.swift; sourceTree = "<group>"; };
		1888CC2B219D85A60048B648 /* Ios h3.app */ = {isa = PBXFileReference; explicitFileType = wrapper.application; includeInIndex = 0; path = "Ios h3.app"; sourceTree = BUILT_PRODUCTS_DIR; };
		1888CC2E219D85A60048B648 /* AppDelegate.swift */ = {isa = PBXFileReference; lastKnownFileType = sourcecode.swift; path = AppDelegate.swift; sourceTree = "<group>"; };
		1888CC30219D85A60048B648 /* ViewController.swift */ = {isa = PBXFileReference; lastKnownFileType = sourcecode.swift; path = ViewController.swift; sourceTree = "<group>"; };
		1888CC33219D85A60048B648 /* Base */ = {isa = PBXFileReference; lastKnownFileType = file.storyboard; name = Base; path = Base.lproj/Main.storyboard; sourceTree = "<group>"; };
		1888CC35219D85A70048B648 /* Assets.xcassets */ = {isa = PBXFileReference; lastKnownFileType = folder.assetcatalog; path = Assets.xcassets; sourceTree = "<group>"; };
		1888CC38219D85A70048B648 /* Base */ = {isa = PBXFileReference; lastKnownFileType = file.storyboard; name = Base; path = Base.lproj/LaunchScreen.storyboard; sourceTree = "<group>"; };
		1888CC3A219D85A70048B648 /* Info.plist */ = {isa = PBXFileReference; lastKnownFileType = text.plist.xml; path = Info.plist; sourceTree = "<group>"; };
		18C7ADD7219DAA920069F3D1 /* GoogleService-Info.plist */ = {isa = PBXFileReference; fileEncoding = 4; lastKnownFileType = text.plist.xml; path = "GoogleService-Info.plist"; sourceTree = "<group>"; };
		1E0F6F8EC6B23A83C6341135 /* Pods-Ios h3.debug.xcconfig */ = {isa = PBXFileReference; includeInIndex = 1; lastKnownFileType = text.xcconfig; name = "Pods-Ios h3.debug.xcconfig"; path = "Pods/Target Support Files/Pods-Ios h3/Pods-Ios h3.debug.xcconfig"; sourceTree = "<group>"; };
		2ED7F32D9AC891995889994D /* Pods-Ios h3.release.xcconfig */ = {isa = PBXFileReference; includeInIndex = 1; lastKnownFileType = text.xcconfig; name = "Pods-Ios h3.release.xcconfig"; path = "Pods/Target Support Files/Pods-Ios h3/Pods-Ios h3.release.xcconfig"; sourceTree = "<group>"; };
		5C8CAA51F473E247EF14A1A8 /* Pods_Ios_h3.framework */ = {isa = PBXFileReference; explicitFileType = wrapper.framework; includeInIndex = 0; path = Pods_Ios_h3.framework; sourceTree = BUILT_PRODUCTS_DIR; };
		A1F96D9921A573FD00BDAE3B /* MapViewController.swift */ = {isa = PBXFileReference; lastKnownFileType = sourcecode.swift; path = MapViewController.swift; sourceTree = "<group>"; };
/* End PBXFileReference section */

/* Begin PBXFrameworksBuildPhase section */
		1888CC28219D85A60048B648 /* Frameworks */ = {
			isa = PBXFrameworksBuildPhase;
			buildActionMask = 2147483647;
			files = (
				18278EBD21A2BD7000BD6B49 /* CoreLocation.framework in Frameworks */,
				A06F49FA6A3522D652BAF4CC /* Pods_Ios_h3.framework in Frameworks */,
			);
			runOnlyForDeploymentPostprocessing = 0;
		};
/* End PBXFrameworksBuildPhase section */

/* Begin PBXGroup section */
		1888CC22219D85A60048B648 = {
			isa = PBXGroup;
			children = (
				1888CC2D219D85A60048B648 /* Ios h3 */,
				1888CC2C219D85A60048B648 /* Products */,
				8AFA5E80A650E666B002B5CB /* Pods */,
				8CBF48D1A3BEA87D4CE0AEC5 /* Frameworks */,
			);
			sourceTree = "<group>";
		};
		1888CC2C219D85A60048B648 /* Products */ = {
			isa = PBXGroup;
			children = (
				1888CC2B219D85A60048B648 /* Ios h3.app */,
			);
			name = Products;
			sourceTree = "<group>";
		};
		1888CC2D219D85A60048B648 /* Ios h3 */ = {
			isa = PBXGroup;
			children = (
				1888CC2E219D85A60048B648 /* AppDelegate.swift */,
				1888CC30219D85A60048B648 /* ViewController.swift */,
				18278EC721A31CBE00BD6B49 /* FetchGrec.swift */,
				18278EBE21A2D90A00BD6B49 /* RankingViewController.swift */,
				1800BA9121A613E700DCD7FC /* GrecTableViewCell.swift */,
				1800BA9321A6143C00DCD7FC /* grecPageViewController.swift */,
				1888CC32219D85A60048B648 /* Main.storyboard */,
				1888CC35219D85A70048B648 /* Assets.xcassets */,
				18278EC421A3008C00BD6B49 /* Grec.swift */,
				A1F96D9921A573FD00BDAE3B /* MapViewController.swift */,
				1888CC37219D85A70048B648 /* LaunchScreen.storyboard */,
				18C7ADD7219DAA920069F3D1 /* GoogleService-Info.plist */,
				1888CC3A219D85A70048B648 /* Info.plist */,
			);
			path = "Ios h3";
			sourceTree = "<group>";
		};
		8AFA5E80A650E666B002B5CB /* Pods */ = {
			isa = PBXGroup;
			children = (
				1E0F6F8EC6B23A83C6341135 /* Pods-Ios h3.debug.xcconfig */,
				2ED7F32D9AC891995889994D /* Pods-Ios h3.release.xcconfig */,
			);
			name = Pods;
			sourceTree = "<group>";
		};
		8CBF48D1A3BEA87D4CE0AEC5 /* Frameworks */ = {
			isa = PBXGroup;
			children = (
				18278EBC21A2BD7000BD6B49 /* CoreLocation.framework */,
				5C8CAA51F473E247EF14A1A8 /* Pods_Ios_h3.framework */,
			);
			name = Frameworks;
			sourceTree = "<group>";
		};
/* End PBXGroup section */

/* Begin PBXNativeTarget section */
		1888CC2A219D85A60048B648 /* Ios h3 */ = {
			isa = PBXNativeTarget;
			buildConfigurationList = 1888CC3D219D85A70048B648 /* Build configuration list for PBXNativeTarget "Ios h3" */;
			buildPhases = (
				EB7303B49F4271921AEF6938 /* [CP] Check Pods Manifest.lock */,
				1888CC27219D85A60048B648 /* Sources */,
				1888CC28219D85A60048B648 /* Frameworks */,
				1888CC29219D85A60048B648 /* Resources */,
				834FF6C01C9481CA325FCBB8 /* [CP] Embed Pods Frameworks */,
			);
			buildRules = (
			);
			dependencies = (
			);
			name = "Ios h3";
			productName = "Ios h3";
			productReference = 1888CC2B219D85A60048B648 /* Ios h3.app */;
			productType = "com.apple.product-type.application";
		};
/* End PBXNativeTarget section */

/* Begin PBXProject section */
		1888CC23219D85A60048B648 /* Project object */ = {
			isa = PBXProject;
			attributes = {
				LastSwiftUpdateCheck = 1010;
				LastUpgradeCheck = 1010;
				ORGANIZATIONNAME = "Ingal Prudente Cornier";
				TargetAttributes = {
					1888CC2A219D85A60048B648 = {
						CreatedOnToolsVersion = 10.1;
					};
				};
			};
			buildConfigurationList = 1888CC26219D85A60048B648 /* Build configuration list for PBXProject "Ios h3" */;
			compatibilityVersion = "Xcode 9.3";
			developmentRegion = en;
			hasScannedForEncodings = 0;
			knownRegions = (
				en,
				Base,
			);
			mainGroup = 1888CC22219D85A60048B648;
			productRefGroup = 1888CC2C219D85A60048B648 /* Products */;
			projectDirPath = "";
			projectRoot = "";
			targets = (
				1888CC2A219D85A60048B648 /* Ios h3 */,
			);
		};
/* End PBXProject section */

/* Begin PBXResourcesBuildPhase section */
		1888CC29219D85A60048B648 /* Resources */ = {
			isa = PBXResourcesBuildPhase;
			buildActionMask = 2147483647;
			files = (
				1888CC39219D85A70048B648 /* LaunchScreen.storyboard in Resources */,
				18C7ADD8219DAA920069F3D1 /* GoogleService-Info.plist in Resources */,
				1888CC36219D85A70048B648 /* Assets.xcassets in Resources */,
				1888CC34219D85A60048B648 /* Main.storyboard in Resources */,
			);
			runOnlyForDeploymentPostprocessing = 0;
		};
/* End PBXResourcesBuildPhase section */

/* Begin PBXShellScriptBuildPhase section */
		834FF6C01C9481CA325FCBB8 /* [CP] Embed Pods Frameworks */ = {
			isa = PBXShellScriptBuildPhase;
			buildActionMask = 2147483647;
			files = (
			);
			inputFileListPaths = (
			);
			inputPaths = (
				"${SRCROOT}/Pods/Target Support Files/Pods-Ios h3/Pods-Ios h3-frameworks.sh",
				"${BUILT_PRODUCTS_DIR}/BoringSSL/openssl.framework",
				"${BUILT_PRODUCTS_DIR}/GoogleUtilities/GoogleUtilities.framework",
				"${BUILT_PRODUCTS_DIR}/Protobuf/Protobuf.framework",
				"${BUILT_PRODUCTS_DIR}/gRPC/GRPCClient.framework",
				"${BUILT_PRODUCTS_DIR}/gRPC-C++/grpcpp.framework",
				"${BUILT_PRODUCTS_DIR}/gRPC-Core/grpc.framework",
				"${BUILT_PRODUCTS_DIR}/gRPC-ProtoRPC/ProtoRPC.framework",
				"${BUILT_PRODUCTS_DIR}/gRPC-RxLibrary/RxLibrary.framework",
				"${BUILT_PRODUCTS_DIR}/leveldb-library/leveldb.framework",
				"${BUILT_PRODUCTS_DIR}/nanopb/nanopb.framework",
			);
			name = "[CP] Embed Pods Frameworks";
			outputFileListPaths = (
			);
			outputPaths = (
				"${TARGET_BUILD_DIR}/${FRAMEWORKS_FOLDER_PATH}/openssl.framework",
				"${TARGET_BUILD_DIR}/${FRAMEWORKS_FOLDER_PATH}/GoogleUtilities.framework",
				"${TARGET_BUILD_DIR}/${FRAMEWORKS_FOLDER_PATH}/Protobuf.framework",
				"${TARGET_BUILD_DIR}/${FRAMEWORKS_FOLDER_PATH}/GRPCClient.framework",
				"${TARGET_BUILD_DIR}/${FRAMEWORKS_FOLDER_PATH}/grpcpp.framework",
				"${TARGET_BUILD_DIR}/${FRAMEWORKS_FOLDER_PATH}/grpc.framework",
				"${TARGET_BUILD_DIR}/${FRAMEWORKS_FOLDER_PATH}/ProtoRPC.framework",
				"${TARGET_BUILD_DIR}/${FRAMEWORKS_FOLDER_PATH}/RxLibrary.framework",
				"${TARGET_BUILD_DIR}/${FRAMEWORKS_FOLDER_PATH}/leveldb.framework",
				"${TARGET_BUILD_DIR}/${FRAMEWORKS_FOLDER_PATH}/nanopb.framework",
			);
			runOnlyForDeploymentPostprocessing = 0;
			shellPath = /bin/sh;
			shellScript = "\"${SRCROOT}/Pods/Target Support Files/Pods-Ios h3/Pods-Ios h3-frameworks.sh\"\n";
			showEnvVarsInLog = 0;
		};
		EB7303B49F4271921AEF6938 /* [CP] Check Pods Manifest.lock */ = {
			isa = PBXShellScriptBuildPhase;
			buildActionMask = 2147483647;
			files = (
			);
			inputFileListPaths = (
			);
			inputPaths = (
				"${PODS_PODFILE_DIR_PATH}/Podfile.lock",
				"${PODS_ROOT}/Manifest.lock",
			);
			name = "[CP] Check Pods Manifest.lock";
			outputFileListPaths = (
			);
			outputPaths = (
				"$(DERIVED_FILE_DIR)/Pods-Ios h3-checkManifestLockResult.txt",
			);
			runOnlyForDeploymentPostprocessing = 0;
			shellPath = /bin/sh;
			shellScript = "diff \"${PODS_PODFILE_DIR_PATH}/Podfile.lock\" \"${PODS_ROOT}/Manifest.lock\" > /dev/null\nif [ $? != 0 ] ; then\n    # print error to STDERR\n    echo \"error: The sandbox is not in sync with the Podfile.lock. Run 'pod install' or update your CocoaPods installation.\" >&2\n    exit 1\nfi\n# This output is used by Xcode 'outputs' to avoid re-running this script phase.\necho \"SUCCESS\" > \"${SCRIPT_OUTPUT_FILE_0}\"\n";
			showEnvVarsInLog = 0;
		};
/* End PBXShellScriptBuildPhase section */

/* Begin PBXSourcesBuildPhase section */
		1888CC27219D85A60048B648 /* Sources */ = {
			isa = PBXSourcesBuildPhase;
			buildActionMask = 2147483647;
			files = (
				1888CC31219D85A60048B648 /* ViewController.swift in Sources */,
				18278EBF21A2D90A00BD6B49 /* RankingViewController.swift in Sources */,
				18278EC521A3008C00BD6B49 /* Grec.swift in Sources */,
				1888CC2F219D85A60048B648 /* AppDelegate.swift in Sources */,
				1800BA9421A6143C00DCD7FC /* grecPageViewController.swift in Sources */,
				18278EC821A31CBE00BD6B49 /* FetchGrec.swift in Sources */,
				A1F96D9A21A573FD00BDAE3B /* MapViewController.swift in Sources */,
				1800BA9221A613E700DCD7FC /* GrecTableViewCell.swift in Sources */,
			);
			runOnlyForDeploymentPostprocessing = 0;
		};
/* End PBXSourcesBuildPhase section */

/* Begin PBXVariantGroup section */
		1888CC32219D85A60048B648 /* Main.storyboard */ = {
			isa = PBXVariantGroup;
			children = (
				1888CC33219D85A60048B648 /* Base */,
			);
			name = Main.storyboard;
			sourceTree = "<group>";
		};
		1888CC37219D85A70048B648 /* LaunchScreen.storyboard */ = {
			isa = PBXVariantGroup;
			children = (
				1888CC38219D85A70048B648 /* Base */,
			);
			name = LaunchScreen.storyboard;
			sourceTree = "<group>";
		};
/* End PBXVariantGroup section */

/* Begin XCBuildConfiguration section */
		1888CC3B219D85A70048B648 /* Debug */ = {
			isa = XCBuildConfiguration;
			buildSettings = {
				ALWAYS_SEARCH_USER_PATHS = NO;
				CLANG_ANALYZER_NONNULL = YES;
				CLANG_ANALYZER_NUMBER_OBJECT_CONVERSION = YES_AGGRESSIVE;
				CLANG_CXX_LANGUAGE_STANDARD = "gnu++14";
				CLANG_CXX_LIBRARY = "libc++";
				CLANG_ENABLE_MODULES = YES;
				CLANG_ENABLE_OBJC_ARC = YES;
				CLANG_ENABLE_OBJC_WEAK = YES;
				CLANG_WARN_BLOCK_CAPTURE_AUTORELEASING = YES;
				CLANG_WARN_BOOL_CONVERSION = YES;
				CLANG_WARN_COMMA = YES;
				CLANG_WARN_CONSTANT_CONVERSION = YES;
				CLANG_WARN_DEPRECATED_OBJC_IMPLEMENTATIONS = YES;
				CLANG_WARN_DIRECT_OBJC_ISA_USAGE = YES_ERROR;
				CLANG_WARN_DOCUMENTATION_COMMENTS = YES;
				CLANG_WARN_EMPTY_BODY = YES;
				CLANG_WARN_ENUM_CONVERSION = YES;
				CLANG_WARN_INFINITE_RECURSION = YES;
				CLANG_WARN_INT_CONVERSION = YES;
				CLANG_WARN_NON_LITERAL_NULL_CONVERSION = YES;
				CLANG_WARN_OBJC_IMPLICIT_RETAIN_SELF = YES;
				CLANG_WARN_OBJC_LITERAL_CONVERSION = YES;
				CLANG_WARN_OBJC_ROOT_CLASS = YES_ERROR;
				CLANG_WARN_RANGE_LOOP_ANALYSIS = YES;
				CLANG_WARN_STRICT_PROTOTYPES = YES;
				CLANG_WARN_SUSPICIOUS_MOVE = YES;
				CLANG_WARN_UNGUARDED_AVAILABILITY = YES_AGGRESSIVE;
				CLANG_WARN_UNREACHABLE_CODE = YES;
				CLANG_WARN__DUPLICATE_METHOD_MATCH = YES;
				CODE_SIGN_IDENTITY = "iPhone Developer";
				COPY_PHASE_STRIP = NO;
				DEBUG_INFORMATION_FORMAT = dwarf;
				ENABLE_STRICT_OBJC_MSGSEND = YES;
				ENABLE_TESTABILITY = YES;
				GCC_C_LANGUAGE_STANDARD = gnu11;
				GCC_DYNAMIC_NO_PIC = NO;
				GCC_NO_COMMON_BLOCKS = YES;
				GCC_OPTIMIZATION_LEVEL = 0;
				GCC_PREPROCESSOR_DEFINITIONS = (
					"DEBUG=1",
					"$(inherited)",
				);
				GCC_WARN_64_TO_32_BIT_CONVERSION = YES;
				GCC_WARN_ABOUT_RETURN_TYPE = YES_ERROR;
				GCC_WARN_UNDECLARED_SELECTOR = YES;
				GCC_WARN_UNINITIALIZED_AUTOS = YES_AGGRESSIVE;
				GCC_WARN_UNUSED_FUNCTION = YES;
				GCC_WARN_UNUSED_VARIABLE = YES;
				IPHONEOS_DEPLOYMENT_TARGET = 12.1;
				MTL_ENABLE_DEBUG_INFO = INCLUDE_SOURCE;
				MTL_FAST_MATH = YES;
				ONLY_ACTIVE_ARCH = YES;
				SDKROOT = iphoneos;
				SWIFT_ACTIVE_COMPILATION_CONDITIONS = DEBUG;
				SWIFT_OPTIMIZATION_LEVEL = "-Onone";
			};
			name = Debug;
		};
		1888CC3C219D85A70048B648 /* Release */ = {
			isa = XCBuildConfiguration;
			buildSettings = {
				ALWAYS_SEARCH_USER_PATHS = NO;
				CLANG_ANALYZER_NONNULL = YES;
				CLANG_ANALYZER_NUMBER_OBJECT_CONVERSION = YES_AGGRESSIVE;
				CLANG_CXX_LANGUAGE_STANDARD = "gnu++14";
				CLANG_CXX_LIBRARY = "libc++";
				CLANG_ENABLE_MODULES = YES;
				CLANG_ENABLE_OBJC_ARC = YES;
				CLANG_ENABLE_OBJC_WEAK = YES;
				CLANG_WARN_BLOCK_CAPTURE_AUTORELEASING = YES;
				CLANG_WARN_BOOL_CONVERSION = YES;
				CLANG_WARN_COMMA = YES;
				CLANG_WARN_CONSTANT_CONVERSION = YES;
				CLANG_WARN_DEPRECATED_OBJC_IMPLEMENTATIONS = YES;
				CLANG_WARN_DIRECT_OBJC_ISA_USAGE = YES_ERROR;
				CLANG_WARN_DOCUMENTATION_COMMENTS = YES;
				CLANG_WARN_EMPTY_BODY = YES;
				CLANG_WARN_ENUM_CONVERSION = YES;
				CLANG_WARN_INFINITE_RECURSION = YES;
				CLANG_WARN_INT_CONVERSION = YES;
				CLANG_WARN_NON_LITERAL_NULL_CONVERSION = YES;
				CLANG_WARN_OBJC_IMPLICIT_RETAIN_SELF = YES;
				CLANG_WARN_OBJC_LITERAL_CONVERSION = YES;
				CLANG_WARN_OBJC_ROOT_CLASS = YES_ERROR;
				CLANG_WARN_RANGE_LOOP_ANALYSIS = YES;
				CLANG_WARN_STRICT_PROTOTYPES = YES;
				CLANG_WARN_SUSPICIOUS_MOVE = YES;
				CLANG_WARN_UNGUARDED_AVAILABILITY = YES_AGGRESSIVE;
				CLANG_WARN_UNREACHABLE_CODE = YES;
				CLANG_WARN__DUPLICATE_METHOD_MATCH = YES;
				CODE_SIGN_IDENTITY = "iPhone Developer";
				COPY_PHASE_STRIP = NO;
				DEBUG_INFORMATION_FORMAT = "dwarf-with-dsym";
				ENABLE_NS_ASSERTIONS = NO;
				ENABLE_STRICT_OBJC_MSGSEND = YES;
				GCC_C_LANGUAGE_STANDARD = gnu11;
				GCC_NO_COMMON_BLOCKS = YES;
				GCC_WARN_64_TO_32_BIT_CONVERSION = YES;
				GCC_WARN_ABOUT_RETURN_TYPE = YES_ERROR;
				GCC_WARN_UNDECLARED_SELECTOR = YES;
				GCC_WARN_UNINITIALIZED_AUTOS = YES_AGGRESSIVE;
				GCC_WARN_UNUSED_FUNCTION = YES;
				GCC_WARN_UNUSED_VARIABLE = YES;
				IPHONEOS_DEPLOYMENT_TARGET = 12.1;
				MTL_ENABLE_DEBUG_INFO = NO;
				MTL_FAST_MATH = YES;
				SDKROOT = iphoneos;
				SWIFT_COMPILATION_MODE = wholemodule;
				SWIFT_OPTIMIZATION_LEVEL = "-O";
				VALIDATE_PRODUCT = YES;
			};
			name = Release;
		};
		1888CC3E219D85A70048B648 /* Debug */ = {
			isa = XCBuildConfiguration;
			baseConfigurationReference = 1E0F6F8EC6B23A83C6341135 /* Pods-Ios h3.debug.xcconfig */;
			buildSettings = {
				ASSETCATALOG_COMPILER_APPICON_NAME = AppIcon;
				CODE_SIGN_STYLE = Automatic;
				INFOPLIST_FILE = "Ios h3/Info.plist";
				LD_RUNPATH_SEARCH_PATHS = (
					"$(inherited)",
					"@executable_path/Frameworks",
				);
				PRODUCT_BUNDLE_IDENTIFIER = "com.ingalouProduction.Ios-h3";
				PRODUCT_NAME = "$(TARGET_NAME)";
				SWIFT_VERSION = 4.2;
				TARGETED_DEVICE_FAMILY = "1,2";
			};
			name = Debug;
		};
		1888CC3F219D85A70048B648 /* Release */ = {
			isa = XCBuildConfiguration;
			baseConfigurationReference = 2ED7F32D9AC891995889994D /* Pods-Ios h3.release.xcconfig */;
			buildSettings = {
				ASSETCATALOG_COMPILER_APPICON_NAME = AppIcon;
				CODE_SIGN_STYLE = Automatic;
				INFOPLIST_FILE = "Ios h3/Info.plist";
				LD_RUNPATH_SEARCH_PATHS = (
					"$(inherited)",
					"@executable_path/Frameworks",
				);
				PRODUCT_BUNDLE_IDENTIFIER = "com.ingalouProduction.Ios-h3";
				PRODUCT_NAME = "$(TARGET_NAME)";
				SWIFT_VERSION = 4.2;
				TARGETED_DEVICE_FAMILY = "1,2";
			};
			name = Release;
		};
/* End XCBuildConfiguration section */

/* Begin XCConfigurationList section */
		1888CC26219D85A60048B648 /* Build configuration list for PBXProject "Ios h3" */ = {
			isa = XCConfigurationList;
			buildConfigurations = (
				1888CC3B219D85A70048B648 /* Debug */,
				1888CC3C219D85A70048B648 /* Release */,
			);
			defaultConfigurationIsVisible = 0;
			defaultConfigurationName = Release;
		};
		1888CC3D219D85A70048B648 /* Build configuration list for PBXNativeTarget "Ios h3" */ = {
			isa = XCConfigurationList;
			buildConfigurations = (
				1888CC3E219D85A70048B648 /* Debug */,
				1888CC3F219D85A70048B648 /* Release */,
			);
			defaultConfigurationIsVisible = 0;
			defaultConfigurationName = Release;
		};
/* End XCConfigurationList section */
	};
	rootObject = 1888CC23219D85A60048B648 /* Project object */;
}
